
Microsoft Visual Studio Solution File, Format Version 12.00
# Visual Studio 15
VisualStudioVersion = 15.0.34112.143
MinimumVisualStudioVersion = 10.0.40219.1
Project("{FAE04EC0-301F-11D3-BF4B-00C04F79EFBC}") = "Uretim", "Uretim\Uretim.csproj", "{0E6055D2-A388-4186-9A74-D32F460E741D}"
EndProject
Global
	GlobalSection(SolutionConfigurationPlatforms) = preSolution
		Debug|Any CPU = Debug|Any CPU
		Release|Any CPU = Release|Any CPU
	EndGlobalSection
	GlobalSection(ProjectConfigurationPlatforms) = postSolution
		{0E6055D2-A388-4186-9A74-D32F460E741D}.Debug|Any CPU.ActiveCfg = Debug|Any CPU
		{0E6055D2-A388-4186-9A74-D32F460E741D}.Debug|Any CPU.Build.0 = Debug|Any CPU
		{0E6055D2-A388-4186-9A74-D32F460E741D}.Release|Any CPU.ActiveCfg = Release|Any CPU
		{0E6055D2-A388-4186-9A74-D32F460E741D}.Release|Any CPU.Build.0 = Release|Any CPU
	EndGlobalSection
	GlobalSection(SolutionProperties) = preSolution
		HideSolutionNode = FALSE
	EndGlobalSection
	GlobalSection(ExtensibilityGlobals) = postSolution
		SolutionGuid = {E8C8EC38-188F-4F1D-8F78-0BD6A39FEAD6}
	EndGlobalSection
EndGlobal
